// !$*UTF8*$!
{
	archiveVersion = 1;
	classes = {
	};
	objectVersion = 46;
	objects = {

/* Begin PBXBuildFile section */
		4102A8B21CA0662D00CA5F07 /* BGStatePicker.h in Headers */ = {isa = PBXBuildFile; fileRef = 4102A8B11CA0662D00CA5F07 /* BGStatePicker.h */; settings = {ATTRIBUTES = (Public, ); }; };
		4102A8B91CA0662D00CA5F07 /* BGStatePicker.framework in Frameworks */ = {isa = PBXBuildFile; fileRef = 4102A8AE1CA0662D00CA5F07 /* BGStatePicker.framework */; };
		4102A8BE1CA0662D00CA5F07 /* BGStatePickerTests.swift in Sources */ = {isa = PBXBuildFile; fileRef = 4102A8BD1CA0662D00CA5F07 /* BGStatePickerTests.swift */; };
		4102A8C91CA07E0E00CA5F07 /* BGStatePickerView.swift in Sources */ = {isa = PBXBuildFile; fileRef = 4102A8C81CA07E0E00CA5F07 /* BGStatePickerView.swift */; };
		4102A8CB1CA07E3E00CA5F07 /* BGStatePickerDelegate.swift in Sources */ = {isa = PBXBuildFile; fileRef = 4102A8CA1CA07E3E00CA5F07 /* BGStatePickerDelegate.swift */; };
		4102A8CF1CA07F0200CA5F07 /* BGStateable.swift in Sources */ = {isa = PBXBuildFile; fileRef = 4102A8CE1CA07F0200CA5F07 /* BGStateable.swift */; };
		4102A8D11CA081B800CA5F07 /* BGStatePickerDataSource.swift in Sources */ = {isa = PBXBuildFile; fileRef = 4102A8D01CA081B800CA5F07 /* BGStatePickerDataSource.swift */; };
		414447411CA0A11B008563EF /* BGMockStatePickerDelegate.swift in Sources */ = {isa = PBXBuildFile; fileRef = 414447401CA0A11B008563EF /* BGMockStatePickerDelegate.swift */; };
		414447431CA0A1CC008563EF /* BGMockStatePickerDatasource.swift in Sources */ = {isa = PBXBuildFile; fileRef = 414447421CA0A1CC008563EF /* BGMockStatePickerDatasource.swift */; };
		414447451CA0A22C008563EF /* BGMockStatePickerStateable.swift in Sources */ = {isa = PBXBuildFile; fileRef = 414447441CA0A22C008563EF /* BGMockStatePickerStateable.swift */; };
		414447481CA0A6F6008563EF /* BGStatePickerStateableTests.swift in Sources */ = {isa = PBXBuildFile; fileRef = 414447471CA0A6F6008563EF /* BGStatePickerStateableTests.swift */; };
		4158E6F51CA49A6C0050B997 /* BGStateView.swift in Sources */ = {isa = PBXBuildFile; fileRef = 4158E6F41CA49A6C0050B997 /* BGStateView.swift */; };
		418E4A811CA1ED5300EDD908 /* AppDelegate.swift in Sources */ = {isa = PBXBuildFile; fileRef = 418E4A801CA1ED5300EDD908 /* AppDelegate.swift */; };
		418E4A831CA1ED5300EDD908 /* ViewController.swift in Sources */ = {isa = PBXBuildFile; fileRef = 418E4A821CA1ED5300EDD908 /* ViewController.swift */; };
		418E4A861CA1ED5300EDD908 /* Main.storyboard in Resources */ = {isa = PBXBuildFile; fileRef = 418E4A841CA1ED5300EDD908 /* Main.storyboard */; };
		418E4A881CA1ED5300EDD908 /* Assets.xcassets in Resources */ = {isa = PBXBuildFile; fileRef = 418E4A871CA1ED5300EDD908 /* Assets.xcassets */; };
		418E4A8B1CA1ED5300EDD908 /* LaunchScreen.storyboard in Resources */ = {isa = PBXBuildFile; fileRef = 418E4A891CA1ED5300EDD908 /* LaunchScreen.storyboard */; };
		418E4A911CA1EF5100EDD908 /* StateOpen.swift in Sources */ = {isa = PBXBuildFile; fileRef = 418E4A901CA1EF5100EDD908 /* StateOpen.swift */; };
		418E4A931CA1F2EB00EDD908 /* StateClosed.swift in Sources */ = {isa = PBXBuildFile; fileRef = 418E4A921CA1F2EB00EDD908 /* StateClosed.swift */; };
/* End PBXBuildFile section */

/* Begin PBXContainerItemProxy section */
		4102A8BA1CA0662D00CA5F07 /* PBXContainerItemProxy */ = {
			isa = PBXContainerItemProxy;
			containerPortal = 4102A8A51CA0662D00CA5F07 /* Project object */;
			proxyType = 1;
			remoteGlobalIDString = 4102A8AD1CA0662D00CA5F07;
			remoteInfo = BGStatePicker;
		};
/* End PBXContainerItemProxy section */

/* Begin PBXFileReference section */
		4102A8AE1CA0662D00CA5F07 /* BGStatePicker.framework */ = {isa = PBXFileReference; explicitFileType = wrapper.framework; includeInIndex = 0; path = BGStatePicker.framework; sourceTree = BUILT_PRODUCTS_DIR; };
		4102A8B11CA0662D00CA5F07 /* BGStatePicker.h */ = {isa = PBXFileReference; lastKnownFileType = sourcecode.c.h; path = BGStatePicker.h; sourceTree = "<group>"; };
		4102A8B31CA0662D00CA5F07 /* Info.plist */ = {isa = PBXFileReference; lastKnownFileType = text.plist.xml; path = Info.plist; sourceTree = "<group>"; };
		4102A8B81CA0662D00CA5F07 /* BGStatePickerTests.xctest */ = {isa = PBXFileReference; explicitFileType = wrapper.cfbundle; includeInIndex = 0; path = BGStatePickerTests.xctest; sourceTree = BUILT_PRODUCTS_DIR; };
		4102A8BD1CA0662D00CA5F07 /* BGStatePickerTests.swift */ = {isa = PBXFileReference; lastKnownFileType = sourcecode.swift; path = BGStatePickerTests.swift; sourceTree = "<group>"; };
		4102A8BF1CA0662D00CA5F07 /* Info.plist */ = {isa = PBXFileReference; lastKnownFileType = text.plist.xml; path = Info.plist; sourceTree = "<group>"; };
		4102A8C81CA07E0E00CA5F07 /* BGStatePickerView.swift */ = {isa = PBXFileReference; fileEncoding = 4; lastKnownFileType = sourcecode.swift; path = BGStatePickerView.swift; sourceTree = "<group>"; };
		4102A8CA1CA07E3E00CA5F07 /* BGStatePickerDelegate.swift */ = {isa = PBXFileReference; fileEncoding = 4; lastKnownFileType = sourcecode.swift; path = BGStatePickerDelegate.swift; sourceTree = "<group>"; };
		4102A8CE1CA07F0200CA5F07 /* BGStateable.swift */ = {isa = PBXFileReference; fileEncoding = 4; lastKnownFileType = sourcecode.swift; path = BGStateable.swift; sourceTree = "<group>"; };
		4102A8D01CA081B800CA5F07 /* BGStatePickerDataSource.swift */ = {isa = PBXFileReference; fileEncoding = 4; lastKnownFileType = sourcecode.swift; path = BGStatePickerDataSource.swift; sourceTree = "<group>"; };
		414447401CA0A11B008563EF /* BGMockStatePickerDelegate.swift */ = {isa = PBXFileReference; fileEncoding = 4; lastKnownFileType = sourcecode.swift; path = BGMockStatePickerDelegate.swift; sourceTree = "<group>"; };
		414447421CA0A1CC008563EF /* BGMockStatePickerDatasource.swift */ = {isa = PBXFileReference; fileEncoding = 4; lastKnownFileType = sourcecode.swift; path = BGMockStatePickerDatasource.swift; sourceTree = "<group>"; };
		414447441CA0A22C008563EF /* BGMockStatePickerStateable.swift */ = {isa = PBXFileReference; fileEncoding = 4; lastKnownFileType = sourcecode.swift; path = BGMockStatePickerStateable.swift; sourceTree = "<group>"; };
		414447471CA0A6F6008563EF /* BGStatePickerStateableTests.swift */ = {isa = PBXFileReference; fileEncoding = 4; lastKnownFileType = sourcecode.swift; path = BGStatePickerStateableTests.swift; sourceTree = "<group>"; };
		4158E6F41CA49A6C0050B997 /* BGStateView.swift */ = {isa = PBXFileReference; fileEncoding = 4; lastKnownFileType = sourcecode.swift; path = BGStateView.swift; sourceTree = "<group>"; };
		418E4A7E1CA1ED5300EDD908 /* BGStatePickerExample.app */ = {isa = PBXFileReference; explicitFileType = wrapper.application; includeInIndex = 0; path = BGStatePickerExample.app; sourceTree = BUILT_PRODUCTS_DIR; };
		418E4A801CA1ED5300EDD908 /* AppDelegate.swift */ = {isa = PBXFileReference; lastKnownFileType = sourcecode.swift; path = AppDelegate.swift; sourceTree = "<group>"; };
		418E4A821CA1ED5300EDD908 /* ViewController.swift */ = {isa = PBXFileReference; lastKnownFileType = sourcecode.swift; path = ViewController.swift; sourceTree = "<group>"; };
		418E4A851CA1ED5300EDD908 /* Base */ = {isa = PBXFileReference; lastKnownFileType = file.storyboard; name = Base; path = Base.lproj/Main.storyboard; sourceTree = "<group>"; };
		418E4A871CA1ED5300EDD908 /* Assets.xcassets */ = {isa = PBXFileReference; lastKnownFileType = folder.assetcatalog; path = Assets.xcassets; sourceTree = "<group>"; };
		418E4A8A1CA1ED5300EDD908 /* Base */ = {isa = PBXFileReference; lastKnownFileType = file.storyboard; name = Base; path = Base.lproj/LaunchScreen.storyboard; sourceTree = "<group>"; };
		418E4A8C1CA1ED5300EDD908 /* Info.plist */ = {isa = PBXFileReference; lastKnownFileType = text.plist.xml; path = Info.plist; sourceTree = "<group>"; };
		418E4A901CA1EF5100EDD908 /* StateOpen.swift */ = {isa = PBXFileReference; fileEncoding = 4; lastKnownFileType = sourcecode.swift; path = StateOpen.swift; sourceTree = "<group>"; };
		418E4A921CA1F2EB00EDD908 /* StateClosed.swift */ = {isa = PBXFileReference; fileEncoding = 4; lastKnownFileType = sourcecode.swift; path = StateClosed.swift; sourceTree = "<group>"; };
/* End PBXFileReference section */

/* Begin PBXFrameworksBuildPhase section */
		4102A8AA1CA0662D00CA5F07 /* Frameworks */ = {
			isa = PBXFrameworksBuildPhase;
			buildActionMask = 2147483647;
			files = (
			);
			runOnlyForDeploymentPostprocessing = 0;
		};
		4102A8B51CA0662D00CA5F07 /* Frameworks */ = {
			isa = PBXFrameworksBuildPhase;
			buildActionMask = 2147483647;
			files = (
				4102A8B91CA0662D00CA5F07 /* BGStatePicker.framework in Frameworks */,
			);
			runOnlyForDeploymentPostprocessing = 0;
		};
		418E4A7B1CA1ED5300EDD908 /* Frameworks */ = {
			isa = PBXFrameworksBuildPhase;
			buildActionMask = 2147483647;
			files = (
			);
			runOnlyForDeploymentPostprocessing = 0;
		};
/* End PBXFrameworksBuildPhase section */

/* Begin PBXGroup section */
		4102A8A41CA0662D00CA5F07 = {
			isa = PBXGroup;
			children = (
				4102A8B01CA0662D00CA5F07 /* BGStatePicker */,
				4102A8BC1CA0662D00CA5F07 /* BGStatePickerTests */,
				418E4A7F1CA1ED5300EDD908 /* BGStatePickerExample */,
				4102A8AF1CA0662D00CA5F07 /* Products */,
			);
			sourceTree = "<group>";
		};
		4102A8AF1CA0662D00CA5F07 /* Products */ = {
			isa = PBXGroup;
			children = (
				4102A8AE1CA0662D00CA5F07 /* BGStatePicker.framework */,
				4102A8B81CA0662D00CA5F07 /* BGStatePickerTests.xctest */,
				418E4A7E1CA1ED5300EDD908 /* BGStatePickerExample.app */,
			);
			name = Products;
			sourceTree = "<group>";
		};
		4102A8B01CA0662D00CA5F07 /* BGStatePicker */ = {
			isa = PBXGroup;
			children = (
				4102A8B11CA0662D00CA5F07 /* BGStatePicker.h */,
				4102A8B31CA0662D00CA5F07 /* Info.plist */,
				4102A8C81CA07E0E00CA5F07 /* BGStatePickerView.swift */,
				4102A8CA1CA07E3E00CA5F07 /* BGStatePickerDelegate.swift */,
				4102A8CE1CA07F0200CA5F07 /* BGStateable.swift */,
				4102A8D01CA081B800CA5F07 /* BGStatePickerDataSource.swift */,
				4158E6F41CA49A6C0050B997 /* BGStateView.swift */,
			);
			path = BGStatePicker;
			sourceTree = "<group>";
		};
		4102A8BC1CA0662D00CA5F07 /* BGStatePickerTests */ = {
			isa = PBXGroup;
			children = (
				4102A8BD1CA0662D00CA5F07 /* BGStatePickerTests.swift */,
				414447471CA0A6F6008563EF /* BGStatePickerStateableTests.swift */,
				414447461CA0A305008563EF /* Mock */,
				4102A8BF1CA0662D00CA5F07 /* Info.plist */,
			);
			path = BGStatePickerTests;
			sourceTree = "<group>";
		};
		414447461CA0A305008563EF /* Mock */ = {
			isa = PBXGroup;
			children = (
				414447401CA0A11B008563EF /* BGMockStatePickerDelegate.swift */,
				414447421CA0A1CC008563EF /* BGMockStatePickerDatasource.swift */,
				414447441CA0A22C008563EF /* BGMockStatePickerStateable.swift */,
			);
			name = Mock;
			sourceTree = "<group>";
		};
		418E4A7F1CA1ED5300EDD908 /* BGStatePickerExample */ = {
			isa = PBXGroup;
			children = (
				418E4A801CA1ED5300EDD908 /* AppDelegate.swift */,
				418E4A821CA1ED5300EDD908 /* ViewController.swift */,
				418E4A841CA1ED5300EDD908 /* Main.storyboard */,
				418E4A871CA1ED5300EDD908 /* Assets.xcassets */,
				418E4A891CA1ED5300EDD908 /* LaunchScreen.storyboard */,
				418E4A8C1CA1ED5300EDD908 /* Info.plist */,
				418E4A901CA1EF5100EDD908 /* StateOpen.swift */,
				418E4A921CA1F2EB00EDD908 /* StateClosed.swift */,
			);
			path = BGStatePickerExample;
			sourceTree = "<group>";
		};
/* End PBXGroup section */

/* Begin PBXHeadersBuildPhase section */
		4102A8AB1CA0662D00CA5F07 /* Headers */ = {
			isa = PBXHeadersBuildPhase;
			buildActionMask = 2147483647;
			files = (
				4102A8B21CA0662D00CA5F07 /* BGStatePicker.h in Headers */,
			);
			runOnlyForDeploymentPostprocessing = 0;
		};
/* End PBXHeadersBuildPhase section */

/* Begin PBXNativeTarget section */
		4102A8AD1CA0662D00CA5F07 /* BGStatePicker */ = {
			isa = PBXNativeTarget;
			buildConfigurationList = 4102A8C21CA0662D00CA5F07 /* Build configuration list for PBXNativeTarget "BGStatePicker" */;
			buildPhases = (
				4102A8A91CA0662D00CA5F07 /* Sources */,
				4102A8AA1CA0662D00CA5F07 /* Frameworks */,
				4102A8AB1CA0662D00CA5F07 /* Headers */,
				4102A8AC1CA0662D00CA5F07 /* Resources */,
				4195974D1CA1DDAF003A7569 /* Run Script - Swiftlint */,
			);
			buildRules = (
			);
			dependencies = (
			);
			name = BGStatePicker;
			productName = BGStatePicker;
			productReference = 4102A8AE1CA0662D00CA5F07 /* BGStatePicker.framework */;
			productType = "com.apple.product-type.framework";
		};
		4102A8B71CA0662D00CA5F07 /* BGStatePickerTests */ = {
			isa = PBXNativeTarget;
			buildConfigurationList = 4102A8C51CA0662D00CA5F07 /* Build configuration list for PBXNativeTarget "BGStatePickerTests" */;
			buildPhases = (
				4102A8B41CA0662D00CA5F07 /* Sources */,
				4102A8B51CA0662D00CA5F07 /* Frameworks */,
				4102A8B61CA0662D00CA5F07 /* Resources */,
			);
			buildRules = (
			);
			dependencies = (
				4102A8BB1CA0662D00CA5F07 /* PBXTargetDependency */,
			);
			name = BGStatePickerTests;
			productName = BGStatePickerTests;
			productReference = 4102A8B81CA0662D00CA5F07 /* BGStatePickerTests.xctest */;
			productType = "com.apple.product-type.bundle.unit-test";
		};
		418E4A7D1CA1ED5300EDD908 /* BGStatePickerExample */ = {
			isa = PBXNativeTarget;
			buildConfigurationList = 418E4A8F1CA1ED5300EDD908 /* Build configuration list for PBXNativeTarget "BGStatePickerExample" */;
			buildPhases = (
				418E4A7A1CA1ED5300EDD908 /* Sources */,
				418E4A7B1CA1ED5300EDD908 /* Frameworks */,
				418E4A7C1CA1ED5300EDD908 /* Resources */,
			);
			buildRules = (
			);
			dependencies = (
			);
			name = BGStatePickerExample;
			productName = BGStatePickerExample;
			productReference = 418E4A7E1CA1ED5300EDD908 /* BGStatePickerExample.app */;
			productType = "com.apple.product-type.application";
		};
/* End PBXNativeTarget section */

/* Begin PBXProject section */
		4102A8A51CA0662D00CA5F07 /* Project object */ = {
			isa = PBXProject;
			attributes = {
				LastSwiftUpdateCheck = 0730;
				LastUpgradeCheck = 0720;
				ORGANIZATIONNAME = "Benjamin Grima";
				TargetAttributes = {
					4102A8AD1CA0662D00CA5F07 = {
						CreatedOnToolsVersion = 7.2.1;
					};
					4102A8B71CA0662D00CA5F07 = {
						CreatedOnToolsVersion = 7.2.1;
					};
					418E4A7D1CA1ED5300EDD908 = {
						CreatedOnToolsVersion = 7.3;
					};
				};
			};
			buildConfigurationList = 4102A8A81CA0662D00CA5F07 /* Build configuration list for PBXProject "BGStatePicker" */;
			compatibilityVersion = "Xcode 3.2";
			developmentRegion = English;
			hasScannedForEncodings = 0;
			knownRegions = (
				en,
				Base,
			);
			mainGroup = 4102A8A41CA0662D00CA5F07;
			productRefGroup = 4102A8AF1CA0662D00CA5F07 /* Products */;
			projectDirPath = "";
			projectRoot = "";
			targets = (
				4102A8AD1CA0662D00CA5F07 /* BGStatePicker */,
				4102A8B71CA0662D00CA5F07 /* BGStatePickerTests */,
				418E4A7D1CA1ED5300EDD908 /* BGStatePickerExample */,
			);
		};
/* End PBXProject section */

/* Begin PBXResourcesBuildPhase section */
		4102A8AC1CA0662D00CA5F07 /* Resources */ = {
			isa = PBXResourcesBuildPhase;
			buildActionMask = 2147483647;
			files = (
			);
			runOnlyForDeploymentPostprocessing = 0;
		};
		4102A8B61CA0662D00CA5F07 /* Resources */ = {
			isa = PBXResourcesBuildPhase;
			buildActionMask = 2147483647;
			files = (
			);
			runOnlyForDeploymentPostprocessing = 0;
		};
		418E4A7C1CA1ED5300EDD908 /* Resources */ = {
			isa = PBXResourcesBuildPhase;
			buildActionMask = 2147483647;
			files = (
				418E4A8B1CA1ED5300EDD908 /* LaunchScreen.storyboard in Resources */,
				418E4A881CA1ED5300EDD908 /* Assets.xcassets in Resources */,
				418E4A861CA1ED5300EDD908 /* Main.storyboard in Resources */,
			);
			runOnlyForDeploymentPostprocessing = 0;
		};
/* End PBXResourcesBuildPhase section */

/* Begin PBXShellScriptBuildPhase section */
		4195974D1CA1DDAF003A7569 /* Run Script - Swiftlint */ = {
			isa = PBXShellScriptBuildPhase;
			buildActionMask = 2147483647;
			files = (
			);
			inputPaths = (
			);
			name = "Run Script - Swiftlint";
			outputPaths = (
			);
			runOnlyForDeploymentPostprocessing = 0;
			shellPath = /bin/sh;
			shellScript = "if which swiftlint >/dev/null; then\nswiftlint\nelse\necho \"warning: SwiftLint not installed, download from https://github.com/realm/SwiftLint\"\nfi";
		};
/* End PBXShellScriptBuildPhase section */

/* Begin PBXSourcesBuildPhase section */
		4102A8A91CA0662D00CA5F07 /* Sources */ = {
			isa = PBXSourcesBuildPhase;
			buildActionMask = 2147483647;
			files = (
				4102A8CF1CA07F0200CA5F07 /* BGStateable.swift in Sources */,
				4102A8C91CA07E0E00CA5F07 /* BGStatePickerView.swift in Sources */,
				4102A8CB1CA07E3E00CA5F07 /* BGStatePickerDelegate.swift in Sources */,
				4158E6F51CA49A6C0050B997 /* BGStateView.swift in Sources */,
				4102A8D11CA081B800CA5F07 /* BGStatePickerDataSource.swift in Sources */,
			);
			runOnlyForDeploymentPostprocessing = 0;
		};
		4102A8B41CA0662D00CA5F07 /* Sources */ = {
			isa = PBXSourcesBuildPhase;
			buildActionMask = 2147483647;
			files = (
				414447451CA0A22C008563EF /* BGMockStatePickerStateable.swift in Sources */,
				4102A8BE1CA0662D00CA5F07 /* BGStatePickerTests.swift in Sources */,
				414447411CA0A11B008563EF /* BGMockStatePickerDelegate.swift in Sources */,
				414447431CA0A1CC008563EF /* BGMockStatePickerDatasource.swift in Sources */,
				414447481CA0A6F6008563EF /* BGStatePickerStateableTests.swift in Sources */,
			);
			runOnlyForDeploymentPostprocessing = 0;
		};
		418E4A7A1CA1ED5300EDD908 /* Sources */ = {
			isa = PBXSourcesBuildPhase;
			buildActionMask = 2147483647;
			files = (
				418E4A831CA1ED5300EDD908 /* ViewController.swift in Sources */,
				418E4A911CA1EF5100EDD908 /* StateOpen.swift in Sources */,
				418E4A811CA1ED5300EDD908 /* AppDelegate.swift in Sources */,
				418E4A931CA1F2EB00EDD908 /* StateClosed.swift in Sources */,
			);
			runOnlyForDeploymentPostprocessing = 0;
		};
/* End PBXSourcesBuildPhase section */

/* Begin PBXTargetDependency section */
		4102A8BB1CA0662D00CA5F07 /* PBXTargetDependency */ = {
			isa = PBXTargetDependency;
			target = 4102A8AD1CA0662D00CA5F07 /* BGStatePicker */;
			targetProxy = 4102A8BA1CA0662D00CA5F07 /* PBXContainerItemProxy */;
		};
/* End PBXTargetDependency section */

/* Begin PBXVariantGroup section */
		418E4A841CA1ED5300EDD908 /* Main.storyboard */ = {
			isa = PBXVariantGroup;
			children = (
				418E4A851CA1ED5300EDD908 /* Base */,
			);
			name = Main.storyboard;
			sourceTree = "<group>";
		};
		418E4A891CA1ED5300EDD908 /* LaunchScreen.storyboard */ = {
			isa = PBXVariantGroup;
			children = (
				418E4A8A1CA1ED5300EDD908 /* Base */,
			);
			name = LaunchScreen.storyboard;
			sourceTree = "<group>";
		};
/* End PBXVariantGroup section */

/* Begin XCBuildConfiguration section */
		4102A8C01CA0662D00CA5F07 /* Debug */ = {
			isa = XCBuildConfiguration;
			buildSettings = {
				ALWAYS_SEARCH_USER_PATHS = NO;
				CLANG_CXX_LANGUAGE_STANDARD = "gnu++0x";
				CLANG_CXX_LIBRARY = "libc++";
				CLANG_ENABLE_MODULES = YES;
				CLANG_ENABLE_OBJC_ARC = YES;
				CLANG_WARN_BOOL_CONVERSION = YES;
				CLANG_WARN_CONSTANT_CONVERSION = YES;
				CLANG_WARN_DIRECT_OBJC_ISA_USAGE = YES_ERROR;
				CLANG_WARN_EMPTY_BODY = YES;
				CLANG_WARN_ENUM_CONVERSION = YES;
				CLANG_WARN_INT_CONVERSION = YES;
				CLANG_WARN_OBJC_ROOT_CLASS = YES_ERROR;
				CLANG_WARN_UNREACHABLE_CODE = YES;
				CLANG_WARN__DUPLICATE_METHOD_MATCH = YES;
				"CODE_SIGN_IDENTITY[sdk=iphoneos*]" = "iPhone Developer";
				COPY_PHASE_STRIP = NO;
				CURRENT_PROJECT_VERSION = 1;
				DEBUG_INFORMATION_FORMAT = dwarf;
				ENABLE_STRICT_OBJC_MSGSEND = YES;
				ENABLE_TESTABILITY = YES;
				GCC_C_LANGUAGE_STANDARD = gnu99;
				GCC_DYNAMIC_NO_PIC = NO;
				GCC_NO_COMMON_BLOCKS = YES;
				GCC_OPTIMIZATION_LEVEL = 0;
				GCC_PREPROCESSOR_DEFINITIONS = (
					"DEBUG=1",
					"$(inherited)",
				);
				GCC_WARN_64_TO_32_BIT_CONVERSION = YES;
				GCC_WARN_ABOUT_RETURN_TYPE = YES_ERROR;
				GCC_WARN_UNDECLARED_SELECTOR = YES;
				GCC_WARN_UNINITIALIZED_AUTOS = YES_AGGRESSIVE;
				GCC_WARN_UNUSED_FUNCTION = YES;
				GCC_WARN_UNUSED_VARIABLE = YES;
				IPHONEOS_DEPLOYMENT_TARGET = 9.2;
				MTL_ENABLE_DEBUG_INFO = YES;
				ONLY_ACTIVE_ARCH = YES;
				SDKROOT = iphoneos;
				SWIFT_OPTIMIZATION_LEVEL = "-Onone";
				TARGETED_DEVICE_FAMILY = "1,2";
				VERSIONING_SYSTEM = "apple-generic";
				VERSION_INFO_PREFIX = "";
			};
			name = Debug;
		};
		4102A8C11CA0662D00CA5F07 /* Release */ = {
			isa = XCBuildConfiguration;
			buildSettings = {
				ALWAYS_SEARCH_USER_PATHS = NO;
				CLANG_CXX_LANGUAGE_STANDARD = "gnu++0x";
				CLANG_CXX_LIBRARY = "libc++";
				CLANG_ENABLE_MODULES = YES;
				CLANG_ENABLE_OBJC_ARC = YES;
				CLANG_WARN_BOOL_CONVERSION = YES;
				CLANG_WARN_CONSTANT_CONVERSION = YES;
				CLANG_WARN_DIRECT_OBJC_ISA_USAGE = YES_ERROR;
				CLANG_WARN_EMPTY_BODY = YES;
				CLANG_WARN_ENUM_CONVERSION = YES;
				CLANG_WARN_INT_CONVERSION = YES;
				CLANG_WARN_OBJC_ROOT_CLASS = YES_ERROR;
				CLANG_WARN_UNREACHABLE_CODE = YES;
				CLANG_WARN__DUPLICATE_METHOD_MATCH = YES;
				"CODE_SIGN_IDENTITY[sdk=iphoneos*]" = "iPhone Developer";
				COPY_PHASE_STRIP = NO;
				CURRENT_PROJECT_VERSION = 1;
				DEBUG_INFORMATION_FORMAT = "dwarf-with-dsym";
				ENABLE_NS_ASSERTIONS = NO;
				ENABLE_STRICT_OBJC_MSGSEND = YES;
				GCC_C_LANGUAGE_STANDARD = gnu99;
				GCC_NO_COMMON_BLOCKS = YES;
				GCC_WARN_64_TO_32_BIT_CONVERSION = YES;
				GCC_WARN_ABOUT_RETURN_TYPE = YES_ERROR;
				GCC_WARN_UNDECLARED_SELECTOR = YES;
				GCC_WARN_UNINITIALIZED_AUTOS = YES_AGGRESSIVE;
				GCC_WARN_UNUSED_FUNCTION = YES;
				GCC_WARN_UNUSED_VARIABLE = YES;
				IPHONEOS_DEPLOYMENT_TARGET = 9.2;
				MTL_ENABLE_DEBUG_INFO = NO;
				SDKROOT = iphoneos;
				TARGETED_DEVICE_FAMILY = "1,2";
				VALIDATE_PRODUCT = YES;
				VERSIONING_SYSTEM = "apple-generic";
				VERSION_INFO_PREFIX = "";
			};
			name = Release;
		};
		4102A8C31CA0662D00CA5F07 /* Debug */ = {
			isa = XCBuildConfiguration;
			buildSettings = {
				CLANG_ENABLE_MODULES = YES;
				DEFINES_MODULE = YES;
				DYLIB_COMPATIBILITY_VERSION = 1;
				DYLIB_CURRENT_VERSION = 1;
				DYLIB_INSTALL_NAME_BASE = "@rpath";
				INFOPLIST_FILE = BGStatePicker/Info.plist;
				INSTALL_PATH = "$(LOCAL_LIBRARY_DIR)/Frameworks";
				LD_RUNPATH_SEARCH_PATHS = "$(inherited) @executable_path/Frameworks @loader_path/Frameworks";
				PRODUCT_BUNDLE_IDENTIFIER = info.grima.BGStatePicker;
				PRODUCT_NAME = "$(TARGET_NAME)";
				SKIP_INSTALL = YES;
				SWIFT_OPTIMIZATION_LEVEL = "-Onone";
			};
			name = Debug;
		};
		4102A8C41CA0662D00CA5F07 /* Release */ = {
			isa = XCBuildConfiguration;
			buildSettings = {
				CLANG_ENABLE_MODULES = YES;
				DEFINES_MODULE = YES;
				DYLIB_COMPATIBILITY_VERSION = 1;
				DYLIB_CURRENT_VERSION = 1;
				DYLIB_INSTALL_NAME_BASE = "@rpath";
				INFOPLIST_FILE = BGStatePicker/Info.plist;
				INSTALL_PATH = "$(LOCAL_LIBRARY_DIR)/Frameworks";
				LD_RUNPATH_SEARCH_PATHS = "$(inherited) @executable_path/Frameworks @loader_path/Frameworks";
				PRODUCT_BUNDLE_IDENTIFIER = info.grima.BGStatePicker;
				PRODUCT_NAME = "$(TARGET_NAME)";
				SKIP_INSTALL = YES;
			};
			name = Release;
		};
		4102A8C61CA0662D00CA5F07 /* Debug */ = {
			isa = XCBuildConfiguration;
			buildSettings = {
				INFOPLIST_FILE = BGStatePickerTests/Info.plist;
				LD_RUNPATH_SEARCH_PATHS = "$(inherited) @executable_path/Frameworks @loader_path/Frameworks";
				PRODUCT_BUNDLE_IDENTIFIER = info.grima.BGStatePickerTests;
				PRODUCT_NAME = "$(TARGET_NAME)";
			};
			name = Debug;
		};
		4102A8C71CA0662D00CA5F07 /* Release */ = {
			isa = XCBuildConfiguration;
			buildSettings = {
				INFOPLIST_FILE = BGStatePickerTests/Info.plist;
				LD_RUNPATH_SEARCH_PATHS = "$(inherited) @executable_path/Frameworks @loader_path/Frameworks";
				PRODUCT_BUNDLE_IDENTIFIER = info.grima.BGStatePickerTests;
				PRODUCT_NAME = "$(TARGET_NAME)";
			};
			name = Release;
		};
		418E4A8D1CA1ED5300EDD908 /* Debug */ = {
			isa = XCBuildConfiguration;
			buildSettings = {
				ASSETCATALOG_COMPILER_APPICON_NAME = AppIcon;
				CLANG_ANALYZER_NONNULL = YES;
				INFOPLIST_FILE = BGStatePickerExample/Info.plist;
				IPHONEOS_DEPLOYMENT_TARGET = 9.3;
				LD_RUNPATH_SEARCH_PATHS = "$(inherited) @executable_path/Frameworks";
				PRODUCT_BUNDLE_IDENTIFIER = info.grima.BGStatePickerExample;
				PRODUCT_NAME = "$(TARGET_NAME)";
			};
			name = Debug;
		};
		418E4A8E1CA1ED5300EDD908 /* Release */ = {
			isa = XCBuildConfiguration;
			buildSettings = {
				ASSETCATALOG_COMPILER_APPICON_NAME = AppIcon;
				CLANG_ANALYZER_NONNULL = YES;
				INFOPLIST_FILE = BGStatePickerExample/Info.plist;
				IPHONEOS_DEPLOYMENT_TARGET = 9.3;
				LD_RUNPATH_SEARCH_PATHS = "$(inherited) @executable_path/Frameworks";
				PRODUCT_BUNDLE_IDENTIFIER = info.grima.BGStatePickerExample;
				PRODUCT_NAME = "$(TARGET_NAME)";
			};
			name = Release;
		};
/* End XCBuildConfiguration section */

/* Begin XCConfigurationList section */
		4102A8A81CA0662D00CA5F07 /* Build configuration list for PBXProject "BGStatePicker" */ = {
			isa = XCConfigurationList;
			buildConfigurations = (
				4102A8C01CA0662D00CA5F07 /* Debug */,
				4102A8C11CA0662D00CA5F07 /* Release */,
			);
			defaultConfigurationIsVisible = 0;
			defaultConfigurationName = Release;
		};
		4102A8C21CA0662D00CA5F07 /* Build configuration list for PBXNativeTarget "BGStatePicker" */ = {
			isa = XCConfigurationList;
			buildConfigurations = (
				4102A8C31CA0662D00CA5F07 /* Debug */,
				4102A8C41CA0662D00CA5F07 /* Release */,
			);
			defaultConfigurationIsVisible = 0;
			defaultConfigurationName = Release;
		};
		4102A8C51CA0662D00CA5F07 /* Build configuration list for PBXNativeTarget "BGStatePickerTests" */ = {
			isa = XCConfigurationList;
			buildConfigurations = (
				4102A8C61CA0662D00CA5F07 /* Debug */,
				4102A8C71CA0662D00CA5F07 /* Release */,
			);
			defaultConfigurationIsVisible = 0;
			defaultConfigurationName = Release;
		};
		418E4A8F1CA1ED5300EDD908 /* Build configuration list for PBXNativeTarget "BGStatePickerExample" */ = {
			isa = XCConfigurationList;
			buildConfigurations = (
				418E4A8D1CA1ED5300EDD908 /* Debug */,
				418E4A8E1CA1ED5300EDD908 /* Release */,
			);
			defaultConfigurationIsVisible = 0;
			defaultConfigurationName = Release;
		};
/* End XCConfigurationList section */
	};
	rootObject = 4102A8A51CA0662D00CA5F07 /* Project object */;
}
